// !$*UTF8*$!
{
	archiveVersion = 1;
	classes = {
	};
	objectVersion = 50;
	objects = {

/* Begin PBXBuildFile section */
		0C14A9A821A9DB5700376CD0 /* ContactsViewController.swift in Sources */ = {isa = PBXBuildFile; fileRef = 0C14A9A721A9DB5700376CD0 /* ContactsViewController.swift */; };
		0C14A9AD21AA3DAA00376CD0 /* Bottled.xcdatamodeld in Sources */ = {isa = PBXBuildFile; fileRef = 0C14A9AB21AA3DAA00376CD0 /* Bottled.xcdatamodeld */; };
		0C29B3CB21AF6EF40076C56C /* NewMessageViewController.swift in Sources */ = {isa = PBXBuildFile; fileRef = 0C29B3CA21AF6EF40076C56C /* NewMessageViewController.swift */; };
		0C558B0121901BF30037E8A0 /* ThirdMain.storyboard in Resources */ = {isa = PBXBuildFile; fileRef = 0C558AFF21901BF30037E8A0 /* ThirdMain.storyboard */; };
		0C558B05219028A10037E8A0 /* AuthenticationViewController.swift in Sources */ = {isa = PBXBuildFile; fileRef = 0C558B04219028A10037E8A0 /* AuthenticationViewController.swift */; };
		0C90719D218FB53D0099436B /* SignupViewController.swift in Sources */ = {isa = PBXBuildFile; fileRef = 0C90719C218FB53D0099436B /* SignupViewController.swift */; };
		0C90719F218FBAA90099436B /* LoginViewController.swift in Sources */ = {isa = PBXBuildFile; fileRef = 0C90719E218FBAA90099436B /* LoginViewController.swift */; };
		0C9071AA218FF1A00099436B /* icon.PNG in Resources */ = {isa = PBXBuildFile; fileRef = 0C9071A4218FF19E0099436B /* icon.PNG */; };
		0C9071AB218FF1A00099436B /* icon@3x.PNG in Resources */ = {isa = PBXBuildFile; fileRef = 0C9071A5218FF19F0099436B /* icon@3x.PNG */; };
		0C9071AC218FF1A00099436B /* icon@2x.PNG in Resources */ = {isa = PBXBuildFile; fileRef = 0C9071A6218FF19F0099436B /* icon@2x.PNG */; };
		0C9071AD218FF1A00099436B /* icon2.PNG in Resources */ = {isa = PBXBuildFile; fileRef = 0C9071A7218FF19F0099436B /* icon2.PNG */; };
		0C9071AE218FF1A00099436B /* icon2@2x.PNG in Resources */ = {isa = PBXBuildFile; fileRef = 0C9071A8218FF19F0099436B /* icon2@2x.PNG */; };
		0C9071AF218FF1A00099436B /* icon2@3x.PNG in Resources */ = {isa = PBXBuildFile; fileRef = 0C9071A9218FF1A00099436B /* icon2@3x.PNG */; };
		0C9071B2218FF5B50099436B /* TabbedBarViewController.swift in Sources */ = {isa = PBXBuildFile; fileRef = 0C9071B1218FF5B50099436B /* TabbedBarViewController.swift */; };
		0CE8E3F92190AA0E00059D3C /* Montserrat-ExtraBold.ttf in Resources */ = {isa = PBXBuildFile; fileRef = 0CE8E3E72190AA0C00059D3C /* Montserrat-ExtraBold.ttf */; };
		0CE8E3FA2190AA0E00059D3C /* Montserrat-SemiBoldItalic.ttf in Resources */ = {isa = PBXBuildFile; fileRef = 0CE8E3E82190AA0D00059D3C /* Montserrat-SemiBoldItalic.ttf */; };
		0CE8E3FB2190AA0E00059D3C /* Montserrat-Bold.ttf in Resources */ = {isa = PBXBuildFile; fileRef = 0CE8E3E92190AA0D00059D3C /* Montserrat-Bold.ttf */; };
		0CE8E3FC2190AA0E00059D3C /* Montserrat-Black.ttf in Resources */ = {isa = PBXBuildFile; fileRef = 0CE8E3EA2190AA0D00059D3C /* Montserrat-Black.ttf */; };
		0CE8E3FD2190AA0E00059D3C /* Montserrat-BoldItalic.ttf in Resources */ = {isa = PBXBuildFile; fileRef = 0CE8E3EB2190AA0D00059D3C /* Montserrat-BoldItalic.ttf */; };
		0CE8E3FE2190AA0E00059D3C /* Montserrat-ExtraBoldItalic.ttf in Resources */ = {isa = PBXBuildFile; fileRef = 0CE8E3EC2190AA0D00059D3C /* Montserrat-ExtraBoldItalic.ttf */; };
		0CE8E3FF2190AA0E00059D3C /* Montserrat-ExtraLight.ttf in Resources */ = {isa = PBXBuildFile; fileRef = 0CE8E3ED2190AA0D00059D3C /* Montserrat-ExtraLight.ttf */; };
		0CE8E4002190AA0E00059D3C /* Montserrat-ExtraLightItalic.ttf in Resources */ = {isa = PBXBuildFile; fileRef = 0CE8E3EE2190AA0D00059D3C /* Montserrat-ExtraLightItalic.ttf */; };
		0CE8E4012190AA0E00059D3C /* Montserrat-Medium.ttf in Resources */ = {isa = PBXBuildFile; fileRef = 0CE8E3EF2190AA0D00059D3C /* Montserrat-Medium.ttf */; };
		0CE8E4022190AA0E00059D3C /* Montserrat-Light.ttf in Resources */ = {isa = PBXBuildFile; fileRef = 0CE8E3F02190AA0D00059D3C /* Montserrat-Light.ttf */; };
		0CE8E4032190AA0E00059D3C /* Montserrat-BlackItalic.ttf in Resources */ = {isa = PBXBuildFile; fileRef = 0CE8E3F12190AA0D00059D3C /* Montserrat-BlackItalic.ttf */; };
		0CE8E4042190AA0E00059D3C /* Montserrat-MediumItalic.ttf in Resources */ = {isa = PBXBuildFile; fileRef = 0CE8E3F22190AA0D00059D3C /* Montserrat-MediumItalic.ttf */; };
		0CE8E4052190AA0E00059D3C /* Montserrat-ThinItalic.ttf in Resources */ = {isa = PBXBuildFile; fileRef = 0CE8E3F32190AA0D00059D3C /* Montserrat-ThinItalic.ttf */; };
		0CE8E4062190AA0E00059D3C /* Montserrat-Regular.ttf in Resources */ = {isa = PBXBuildFile; fileRef = 0CE8E3F42190AA0E00059D3C /* Montserrat-Regular.ttf */; };
		0CE8E4072190AA0E00059D3C /* Montserrat-LightItalic.ttf in Resources */ = {isa = PBXBuildFile; fileRef = 0CE8E3F52190AA0E00059D3C /* Montserrat-LightItalic.ttf */; };
		0CE8E4082190AA0E00059D3C /* Montserrat-SemiBold.ttf in Resources */ = {isa = PBXBuildFile; fileRef = 0CE8E3F62190AA0E00059D3C /* Montserrat-SemiBold.ttf */; };
		0CE8E4092190AA0E00059D3C /* Montserrat-Italic.ttf in Resources */ = {isa = PBXBuildFile; fileRef = 0CE8E3F72190AA0E00059D3C /* Montserrat-Italic.ttf */; };
		0CE8E40A2190AA0E00059D3C /* Montserrat-Thin.ttf in Resources */ = {isa = PBXBuildFile; fileRef = 0CE8E3F82190AA0E00059D3C /* Montserrat-Thin.ttf */; };
		0CE8E40C2190AABB00059D3C /* SpashScreenViewController.swift in Sources */ = {isa = PBXBuildFile; fileRef = 0CE8E40B2190AABB00059D3C /* SpashScreenViewController.swift */; };
		0CE8E40E2190CCBC00059D3C /* SettingsViewController.swift in Sources */ = {isa = PBXBuildFile; fileRef = 0CE8E40D2190CCBC00059D3C /* SettingsViewController.swift */; };
		0CE8E4102190D00C00059D3C /* PincodeViewController.swift in Sources */ = {isa = PBXBuildFile; fileRef = 0CE8E40F2190D00C00059D3C /* PincodeViewController.swift */; };
		0CE8E4122190D51700059D3C /* PincodeLoginViewController.swift in Sources */ = {isa = PBXBuildFile; fileRef = 0CE8E4112190D51700059D3C /* PincodeLoginViewController.swift */; };
		0CE8E4142190EDA100059D3C /* Storyboard.storyboard in Resources */ = {isa = PBXBuildFile; fileRef = 0CE8E4132190EDA100059D3C /* Storyboard.storyboard */; };
		0CE8E4162190EE8200059D3C /* MessagesViewController.swift in Sources */ = {isa = PBXBuildFile; fileRef = 0CE8E4152190EE8200059D3C /* MessagesViewController.swift */; };
		27BE112C8FB0998396237862 /* Pods_BottledUITests.framework in Frameworks */ = {isa = PBXBuildFile; fileRef = 50E1F0C41AB67E7B4E28070D /* Pods_BottledUITests.framework */; };
		2C3269392176B10E009A79AB /* Constants.swift in Sources */ = {isa = PBXBuildFile; fileRef = 2C3269382176B10E009A79AB /* Constants.swift */; };
		2CDF6BBC21769E1800214481 /* AppDelegate.swift in Sources */ = {isa = PBXBuildFile; fileRef = 2CDF6BBB21769E1800214481 /* AppDelegate.swift */; };
		2CDF6BBE21769E1800214481 /* ChatViewController.swift in Sources */ = {isa = PBXBuildFile; fileRef = 2CDF6BBD21769E1800214481 /* ChatViewController.swift */; };
		2CDF6BC121769E1800214481 /* Main.storyboard in Resources */ = {isa = PBXBuildFile; fileRef = 2CDF6BBF21769E1800214481 /* Main.storyboard */; };
		2CDF6BC321769E1900214481 /* Assets.xcassets in Resources */ = {isa = PBXBuildFile; fileRef = 2CDF6BC221769E1900214481 /* Assets.xcassets */; };
		2CDF6BC621769E1900214481 /* LaunchScreen.storyboard in Resources */ = {isa = PBXBuildFile; fileRef = 2CDF6BC421769E1900214481 /* LaunchScreen.storyboard */; };
		2CDF6BD121769E1A00214481 /* BottledTests.swift in Sources */ = {isa = PBXBuildFile; fileRef = 2CDF6BD021769E1A00214481 /* BottledTests.swift */; };
		2CDF6BDC21769E1A00214481 /* BottledUITests.swift in Sources */ = {isa = PBXBuildFile; fileRef = 2CDF6BDB21769E1A00214481 /* BottledUITests.swift */; };
		2CDF6BEA21769F9E00214481 /* GoogleService-Info.plist in Resources */ = {isa = PBXBuildFile; fileRef = 2CDF6BE921769F9E00214481 /* GoogleService-Info.plist */; };
		95BF6F0BC9B7E114743E1E27 /* Pods_BottledTests.framework in Frameworks */ = {isa = PBXBuildFile; fileRef = 0A80DF4DA832715213EC5424 /* Pods_BottledTests.framework */; };
		EB87213B846ADC733A50C018 /* Pods_Bottled.framework in Frameworks */ = {isa = PBXBuildFile; fileRef = E0E81A5BC1F64FC66459E618 /* Pods_Bottled.framework */; };
/* End PBXBuildFile section */

/* Begin PBXContainerItemProxy section */
		2CDF6BCD21769E1A00214481 /* PBXContainerItemProxy */ = {
			isa = PBXContainerItemProxy;
			containerPortal = 2CDF6BB021769E1800214481 /* Project object */;
			proxyType = 1;
			remoteGlobalIDString = 2CDF6BB721769E1800214481;
			remoteInfo = Bottled;
		};
		2CDF6BD821769E1A00214481 /* PBXContainerItemProxy */ = {
			isa = PBXContainerItemProxy;
			containerPortal = 2CDF6BB021769E1800214481 /* Project object */;
			proxyType = 1;
			remoteGlobalIDString = 2CDF6BB721769E1800214481;
			remoteInfo = Bottled;
		};
/* End PBXContainerItemProxy section */

/* Begin PBXFileReference section */
		0A80DF4DA832715213EC5424 /* Pods_BottledTests.framework */ = {isa = PBXFileReference; explicitFileType = wrapper.framework; includeInIndex = 0; path = Pods_BottledTests.framework; sourceTree = BUILT_PRODUCTS_DIR; };
		0C14A9A721A9DB5700376CD0 /* ContactsViewController.swift */ = {isa = PBXFileReference; lastKnownFileType = sourcecode.swift; path = ContactsViewController.swift; sourceTree = "<group>"; };
		0C14A9AC21AA3DAA00376CD0 /* Model.xcdatamodel */ = {isa = PBXFileReference; lastKnownFileType = wrapper.xcdatamodel; path = Model.xcdatamodel; sourceTree = "<group>"; };
		0C29B3CA21AF6EF40076C56C /* NewMessageViewController.swift */ = {isa = PBXFileReference; lastKnownFileType = sourcecode.swift; path = NewMessageViewController.swift; sourceTree = "<group>"; };
		0C558B0021901BF30037E8A0 /* Base */ = {isa = PBXFileReference; lastKnownFileType = file.storyboard; name = Base; path = Base.lproj/ThirdMain.storyboard; sourceTree = "<group>"; };
		0C558B04219028A10037E8A0 /* AuthenticationViewController.swift */ = {isa = PBXFileReference; lastKnownFileType = sourcecode.swift; path = AuthenticationViewController.swift; sourceTree = "<group>"; };
		0C90719C218FB53D0099436B /* SignupViewController.swift */ = {isa = PBXFileReference; lastKnownFileType = sourcecode.swift; path = SignupViewController.swift; sourceTree = "<group>"; };
		0C90719E218FBAA90099436B /* LoginViewController.swift */ = {isa = PBXFileReference; lastKnownFileType = sourcecode.swift; path = LoginViewController.swift; sourceTree = "<group>"; };
		0C9071A4218FF19E0099436B /* icon.PNG */ = {isa = PBXFileReference; lastKnownFileType = image.png; path = icon.PNG; sourceTree = "<group>"; };
		0C9071A5218FF19F0099436B /* icon@3x.PNG */ = {isa = PBXFileReference; lastKnownFileType = image.png; path = "icon@3x.PNG"; sourceTree = "<group>"; };
		0C9071A6218FF19F0099436B /* icon@2x.PNG */ = {isa = PBXFileReference; lastKnownFileType = image.png; path = "icon@2x.PNG"; sourceTree = "<group>"; };
		0C9071A7218FF19F0099436B /* icon2.PNG */ = {isa = PBXFileReference; lastKnownFileType = image.png; path = icon2.PNG; sourceTree = "<group>"; };
		0C9071A8218FF19F0099436B /* icon2@2x.PNG */ = {isa = PBXFileReference; lastKnownFileType = image.png; path = "icon2@2x.PNG"; sourceTree = "<group>"; };
		0C9071A9218FF1A00099436B /* icon2@3x.PNG */ = {isa = PBXFileReference; lastKnownFileType = image.png; path = "icon2@3x.PNG"; sourceTree = "<group>"; };
		0C9071B1218FF5B50099436B /* TabbedBarViewController.swift */ = {isa = PBXFileReference; lastKnownFileType = sourcecode.swift; path = TabbedBarViewController.swift; sourceTree = "<group>"; };
		0CE8E3E72190AA0C00059D3C /* Montserrat-ExtraBold.ttf */ = {isa = PBXFileReference; lastKnownFileType = file; path = "Montserrat-ExtraBold.ttf"; sourceTree = "<group>"; };
		0CE8E3E82190AA0D00059D3C /* Montserrat-SemiBoldItalic.ttf */ = {isa = PBXFileReference; lastKnownFileType = file; path = "Montserrat-SemiBoldItalic.ttf"; sourceTree = "<group>"; };
		0CE8E3E92190AA0D00059D3C /* Montserrat-Bold.ttf */ = {isa = PBXFileReference; lastKnownFileType = file; path = "Montserrat-Bold.ttf"; sourceTree = "<group>"; };
		0CE8E3EA2190AA0D00059D3C /* Montserrat-Black.ttf */ = {isa = PBXFileReference; lastKnownFileType = file; path = "Montserrat-Black.ttf"; sourceTree = "<group>"; };
		0CE8E3EB2190AA0D00059D3C /* Montserrat-BoldItalic.ttf */ = {isa = PBXFileReference; lastKnownFileType = file; path = "Montserrat-BoldItalic.ttf"; sourceTree = "<group>"; };
		0CE8E3EC2190AA0D00059D3C /* Montserrat-ExtraBoldItalic.ttf */ = {isa = PBXFileReference; lastKnownFileType = file; path = "Montserrat-ExtraBoldItalic.ttf"; sourceTree = "<group>"; };
		0CE8E3ED2190AA0D00059D3C /* Montserrat-ExtraLight.ttf */ = {isa = PBXFileReference; lastKnownFileType = file; path = "Montserrat-ExtraLight.ttf"; sourceTree = "<group>"; };
		0CE8E3EE2190AA0D00059D3C /* Montserrat-ExtraLightItalic.ttf */ = {isa = PBXFileReference; lastKnownFileType = file; path = "Montserrat-ExtraLightItalic.ttf"; sourceTree = "<group>"; };
		0CE8E3EF2190AA0D00059D3C /* Montserrat-Medium.ttf */ = {isa = PBXFileReference; lastKnownFileType = file; path = "Montserrat-Medium.ttf"; sourceTree = "<group>"; };
		0CE8E3F02190AA0D00059D3C /* Montserrat-Light.ttf */ = {isa = PBXFileReference; lastKnownFileType = file; path = "Montserrat-Light.ttf"; sourceTree = "<group>"; };
		0CE8E3F12190AA0D00059D3C /* Montserrat-BlackItalic.ttf */ = {isa = PBXFileReference; lastKnownFileType = file; path = "Montserrat-BlackItalic.ttf"; sourceTree = "<group>"; };
		0CE8E3F22190AA0D00059D3C /* Montserrat-MediumItalic.ttf */ = {isa = PBXFileReference; lastKnownFileType = file; path = "Montserrat-MediumItalic.ttf"; sourceTree = "<group>"; };
		0CE8E3F32190AA0D00059D3C /* Montserrat-ThinItalic.ttf */ = {isa = PBXFileReference; lastKnownFileType = file; path = "Montserrat-ThinItalic.ttf"; sourceTree = "<group>"; };
		0CE8E3F42190AA0E00059D3C /* Montserrat-Regular.ttf */ = {isa = PBXFileReference; lastKnownFileType = file; path = "Montserrat-Regular.ttf"; sourceTree = "<group>"; };
		0CE8E3F52190AA0E00059D3C /* Montserrat-LightItalic.ttf */ = {isa = PBXFileReference; lastKnownFileType = file; path = "Montserrat-LightItalic.ttf"; sourceTree = "<group>"; };
		0CE8E3F62190AA0E00059D3C /* Montserrat-SemiBold.ttf */ = {isa = PBXFileReference; lastKnownFileType = file; path = "Montserrat-SemiBold.ttf"; sourceTree = "<group>"; };
		0CE8E3F72190AA0E00059D3C /* Montserrat-Italic.ttf */ = {isa = PBXFileReference; lastKnownFileType = file; path = "Montserrat-Italic.ttf"; sourceTree = "<group>"; };
		0CE8E3F82190AA0E00059D3C /* Montserrat-Thin.ttf */ = {isa = PBXFileReference; lastKnownFileType = file; path = "Montserrat-Thin.ttf"; sourceTree = "<group>"; };
		0CE8E40B2190AABB00059D3C /* SpashScreenViewController.swift */ = {isa = PBXFileReference; lastKnownFileType = sourcecode.swift; path = SpashScreenViewController.swift; sourceTree = "<group>"; };
		0CE8E40D2190CCBC00059D3C /* SettingsViewController.swift */ = {isa = PBXFileReference; lastKnownFileType = sourcecode.swift; path = SettingsViewController.swift; sourceTree = "<group>"; };
		0CE8E40F2190D00C00059D3C /* PincodeViewController.swift */ = {isa = PBXFileReference; lastKnownFileType = sourcecode.swift; path = PincodeViewController.swift; sourceTree = "<group>"; };
		0CE8E4112190D51700059D3C /* PincodeLoginViewController.swift */ = {isa = PBXFileReference; lastKnownFileType = sourcecode.swift; path = PincodeLoginViewController.swift; sourceTree = "<group>"; };
		0CE8E4132190EDA100059D3C /* Storyboard.storyboard */ = {isa = PBXFileReference; lastKnownFileType = file.storyboard; path = Storyboard.storyboard; sourceTree = "<group>"; };
		0CE8E4152190EE8200059D3C /* MessagesViewController.swift */ = {isa = PBXFileReference; lastKnownFileType = sourcecode.swift; path = MessagesViewController.swift; sourceTree = "<group>"; };
		2C3269382176B10E009A79AB /* Constants.swift */ = {isa = PBXFileReference; lastKnownFileType = sourcecode.swift; path = Constants.swift; sourceTree = "<group>"; };
		2CDF6BB821769E1800214481 /* Bottled.app */ = {isa = PBXFileReference; explicitFileType = wrapper.application; includeInIndex = 0; path = Bottled.app; sourceTree = BUILT_PRODUCTS_DIR; };
		2CDF6BBB21769E1800214481 /* AppDelegate.swift */ = {isa = PBXFileReference; lastKnownFileType = sourcecode.swift; path = AppDelegate.swift; sourceTree = "<group>"; };
		2CDF6BBD21769E1800214481 /* ChatViewController.swift */ = {isa = PBXFileReference; lastKnownFileType = sourcecode.swift; path = ChatViewController.swift; sourceTree = "<group>"; };
		2CDF6BC021769E1800214481 /* Base */ = {isa = PBXFileReference; lastKnownFileType = file.storyboard; name = Base; path = Base.lproj/Main.storyboard; sourceTree = "<group>"; };
		2CDF6BC221769E1900214481 /* Assets.xcassets */ = {isa = PBXFileReference; lastKnownFileType = folder.assetcatalog; path = Assets.xcassets; sourceTree = "<group>"; };
		2CDF6BC521769E1900214481 /* Base */ = {isa = PBXFileReference; lastKnownFileType = file.storyboard; name = Base; path = Base.lproj/LaunchScreen.storyboard; sourceTree = "<group>"; };
		2CDF6BC721769E1900214481 /* Info.plist */ = {isa = PBXFileReference; lastKnownFileType = text.plist.xml; path = Info.plist; sourceTree = "<group>"; };
		2CDF6BCC21769E1A00214481 /* BottledTests.xctest */ = {isa = PBXFileReference; explicitFileType = wrapper.cfbundle; includeInIndex = 0; path = BottledTests.xctest; sourceTree = BUILT_PRODUCTS_DIR; };
		2CDF6BD021769E1A00214481 /* BottledTests.swift */ = {isa = PBXFileReference; lastKnownFileType = sourcecode.swift; path = BottledTests.swift; sourceTree = "<group>"; };
		2CDF6BD221769E1A00214481 /* Info.plist */ = {isa = PBXFileReference; lastKnownFileType = text.plist.xml; path = Info.plist; sourceTree = "<group>"; };
		2CDF6BD721769E1A00214481 /* BottledUITests.xctest */ = {isa = PBXFileReference; explicitFileType = wrapper.cfbundle; includeInIndex = 0; path = BottledUITests.xctest; sourceTree = BUILT_PRODUCTS_DIR; };
		2CDF6BDB21769E1A00214481 /* BottledUITests.swift */ = {isa = PBXFileReference; lastKnownFileType = sourcecode.swift; path = BottledUITests.swift; sourceTree = "<group>"; };
		2CDF6BDD21769E1A00214481 /* Info.plist */ = {isa = PBXFileReference; lastKnownFileType = text.plist.xml; path = Info.plist; sourceTree = "<group>"; };
		2CDF6BE921769F9E00214481 /* GoogleService-Info.plist */ = {isa = PBXFileReference; fileEncoding = 4; lastKnownFileType = text.plist.xml; path = "GoogleService-Info.plist"; sourceTree = "<group>"; };
		32BCCD83671584862715D975 /* Pods-BottledTests.release.xcconfig */ = {isa = PBXFileReference; includeInIndex = 1; lastKnownFileType = text.xcconfig; name = "Pods-BottledTests.release.xcconfig"; path = "Pods/Target Support Files/Pods-BottledTests/Pods-BottledTests.release.xcconfig"; sourceTree = "<group>"; };
		339C735E285360684903A611 /* Pods-Bottled.debug.xcconfig */ = {isa = PBXFileReference; includeInIndex = 1; lastKnownFileType = text.xcconfig; name = "Pods-Bottled.debug.xcconfig"; path = "Pods/Target Support Files/Pods-Bottled/Pods-Bottled.debug.xcconfig"; sourceTree = "<group>"; };
		4D01E6854B384F19A860F8B2 /* Pods-BottledUITests.debug.xcconfig */ = {isa = PBXFileReference; includeInIndex = 1; lastKnownFileType = text.xcconfig; name = "Pods-BottledUITests.debug.xcconfig"; path = "Pods/Target Support Files/Pods-BottledUITests/Pods-BottledUITests.debug.xcconfig"; sourceTree = "<group>"; };
		50E1F0C41AB67E7B4E28070D /* Pods_BottledUITests.framework */ = {isa = PBXFileReference; explicitFileType = wrapper.framework; includeInIndex = 0; path = Pods_BottledUITests.framework; sourceTree = BUILT_PRODUCTS_DIR; };
		D6293578F1B45F7AD567E159 /* Pods-BottledUITests.release.xcconfig */ = {isa = PBXFileReference; includeInIndex = 1; lastKnownFileType = text.xcconfig; name = "Pods-BottledUITests.release.xcconfig"; path = "Pods/Target Support Files/Pods-BottledUITests/Pods-BottledUITests.release.xcconfig"; sourceTree = "<group>"; };
		DB8512778728DDEEA484D2FE /* Pods-BottledTests.debug.xcconfig */ = {isa = PBXFileReference; includeInIndex = 1; lastKnownFileType = text.xcconfig; name = "Pods-BottledTests.debug.xcconfig"; path = "Pods/Target Support Files/Pods-BottledTests/Pods-BottledTests.debug.xcconfig"; sourceTree = "<group>"; };
		E0E81A5BC1F64FC66459E618 /* Pods_Bottled.framework */ = {isa = PBXFileReference; explicitFileType = wrapper.framework; includeInIndex = 0; path = Pods_Bottled.framework; sourceTree = BUILT_PRODUCTS_DIR; };
		EACE624CA250D4F3FC6C2DD9 /* Pods-Bottled.release.xcconfig */ = {isa = PBXFileReference; includeInIndex = 1; lastKnownFileType = text.xcconfig; name = "Pods-Bottled.release.xcconfig"; path = "Pods/Target Support Files/Pods-Bottled/Pods-Bottled.release.xcconfig"; sourceTree = "<group>"; };
/* End PBXFileReference section */

/* Begin PBXFrameworksBuildPhase section */
		2CDF6BB521769E1800214481 /* Frameworks */ = {
			isa = PBXFrameworksBuildPhase;
			buildActionMask = 2147483647;
			files = (
				EB87213B846ADC733A50C018 /* Pods_Bottled.framework in Frameworks */,
			);
			runOnlyForDeploymentPostprocessing = 0;
		};
		2CDF6BC921769E1A00214481 /* Frameworks */ = {
			isa = PBXFrameworksBuildPhase;
			buildActionMask = 2147483647;
			files = (
				95BF6F0BC9B7E114743E1E27 /* Pods_BottledTests.framework in Frameworks */,
			);
			runOnlyForDeploymentPostprocessing = 0;
		};
		2CDF6BD421769E1A00214481 /* Frameworks */ = {
			isa = PBXFrameworksBuildPhase;
			buildActionMask = 2147483647;
			files = (
				27BE112C8FB0998396237862 /* Pods_BottledUITests.framework in Frameworks */,
			);
			runOnlyForDeploymentPostprocessing = 0;
		};
/* End PBXFrameworksBuildPhase section */

/* Begin PBXGroup section */
		0C14A9A921A9DBB000376CD0 /* Main Controllers */ = {
			isa = PBXGroup;
			children = (
				0C558B04219028A10037E8A0 /* AuthenticationViewController.swift */,
				0C90719E218FBAA90099436B /* LoginViewController.swift */,
				0CE8E4112190D51700059D3C /* PincodeLoginViewController.swift */,
				0CE8E40B2190AABB00059D3C /* SpashScreenViewController.swift */,
				0C90719C218FB53D0099436B /* SignupViewController.swift */,
			);
			path = "Main Controllers";
			sourceTree = "<group>";
		};
		0C14A9AA21A9DBBB00376CD0 /* ThirdMain Controllers */ = {
			isa = PBXGroup;
			children = (
				0C29B3CA21AF6EF40076C56C /* NewMessageViewController.swift */,
				0C14A9A721A9DB5700376CD0 /* ContactsViewController.swift */,
				0CE8E40D2190CCBC00059D3C /* SettingsViewController.swift */,
				0CE8E4152190EE8200059D3C /* MessagesViewController.swift */,
				0CE8E40F2190D00C00059D3C /* PincodeViewController.swift */,
				0C9071B1218FF5B50099436B /* TabbedBarViewController.swift */,
				2CDF6BBD21769E1800214481 /* ChatViewController.swift */,
			);
			path = "ThirdMain Controllers";
			sourceTree = "<group>";
		};
		0C558AFC21901B9C0037E8A0 /* Storyboard */ = {
			isa = PBXGroup;
			children = (
				2CDF6BBF21769E1800214481 /* Main.storyboard */,
				2CDF6BC421769E1900214481 /* LaunchScreen.storyboard */,
				0C558AFF21901BF30037E8A0 /* ThirdMain.storyboard */,
				0CE8E4132190EDA100059D3C /* Storyboard.storyboard */,
			);
			path = Storyboard;
			sourceTree = "<group>";
		};
		0C9071B0218FF1A80099436B /* Icons */ = {
			isa = PBXGroup;
			children = (
				0C9071A4218FF19E0099436B /* icon.PNG */,
				0C9071A6218FF19F0099436B /* icon@2x.PNG */,
				0C9071A5218FF19F0099436B /* icon@3x.PNG */,
				0C9071A7218FF19F0099436B /* icon2.PNG */,
				0C9071A8218FF19F0099436B /* icon2@2x.PNG */,
				0C9071A9218FF1A00099436B /* icon2@3x.PNG */,
			);
			path = Icons;
			sourceTree = "<group>";
		};
		0CE8E3E62190A9EF00059D3C /* Fonts */ = {
			isa = PBXGroup;
			children = (
				0CE8E3EA2190AA0D00059D3C /* Montserrat-Black.ttf */,
				0CE8E3F12190AA0D00059D3C /* Montserrat-BlackItalic.ttf */,
				0CE8E3E92190AA0D00059D3C /* Montserrat-Bold.ttf */,
				0CE8E3EB2190AA0D00059D3C /* Montserrat-BoldItalic.ttf */,
				0CE8E3E72190AA0C00059D3C /* Montserrat-ExtraBold.ttf */,
				0CE8E3EC2190AA0D00059D3C /* Montserrat-ExtraBoldItalic.ttf */,
				0CE8E3ED2190AA0D00059D3C /* Montserrat-ExtraLight.ttf */,
				0CE8E3EE2190AA0D00059D3C /* Montserrat-ExtraLightItalic.ttf */,
				0CE8E3F72190AA0E00059D3C /* Montserrat-Italic.ttf */,
				0CE8E3F02190AA0D00059D3C /* Montserrat-Light.ttf */,
				0CE8E3F52190AA0E00059D3C /* Montserrat-LightItalic.ttf */,
				0CE8E3EF2190AA0D00059D3C /* Montserrat-Medium.ttf */,
				0CE8E3F22190AA0D00059D3C /* Montserrat-MediumItalic.ttf */,
				0CE8E3F42190AA0E00059D3C /* Montserrat-Regular.ttf */,
				0CE8E3F62190AA0E00059D3C /* Montserrat-SemiBold.ttf */,
				0CE8E3E82190AA0D00059D3C /* Montserrat-SemiBoldItalic.ttf */,
				0CE8E3F82190AA0E00059D3C /* Montserrat-Thin.ttf */,
				0CE8E3F32190AA0D00059D3C /* Montserrat-ThinItalic.ttf */,
			);
			path = Fonts;
			sourceTree = "<group>";
		};
		2CDF6BAF21769E1800214481 = {
			isa = PBXGroup;
			children = (
				2CDF6BBA21769E1800214481 /* Bottled */,
				2CDF6BCF21769E1A00214481 /* BottledTests */,
				2CDF6BDA21769E1A00214481 /* BottledUITests */,
				2CDF6BB921769E1800214481 /* Products */,
				5EF8F60A3DD43834034908D6 /* Pods */,
				C5B487CE989720D58DB6DBEA /* Frameworks */,
			);
			sourceTree = "<group>";
		};
		2CDF6BB921769E1800214481 /* Products */ = {
			isa = PBXGroup;
			children = (
				2CDF6BB821769E1800214481 /* Bottled.app */,
				2CDF6BCC21769E1A00214481 /* BottledTests.xctest */,
				2CDF6BD721769E1A00214481 /* BottledUITests.xctest */,
			);
			name = Products;
			sourceTree = "<group>";
		};
		2CDF6BBA21769E1800214481 /* Bottled */ = {
			isa = PBXGroup;
			children = (
				0C14A9AA21A9DBBB00376CD0 /* ThirdMain Controllers */,
				0C14A9A921A9DBB000376CD0 /* Main Controllers */,
				0CE8E3E62190A9EF00059D3C /* Fonts */,
				0C558AFC21901B9C0037E8A0 /* Storyboard */,
				0C9071B0218FF1A80099436B /* Icons */,
				2CDF6BBB21769E1800214481 /* AppDelegate.swift */,
				0C14A9AB21AA3DAA00376CD0 /* Bottled.xcdatamodeld */,
				2CDF6BC221769E1900214481 /* Assets.xcassets */,
				2CDF6BC721769E1900214481 /* Info.plist */,
				2CDF6BE921769F9E00214481 /* GoogleService-Info.plist */,
				2C3269382176B10E009A79AB /* Constants.swift */,
			);
			path = Bottled;
			sourceTree = "<group>";
		};
		2CDF6BCF21769E1A00214481 /* BottledTests */ = {
			isa = PBXGroup;
			children = (
				2CDF6BD021769E1A00214481 /* BottledTests.swift */,
				2CDF6BD221769E1A00214481 /* Info.plist */,
			);
			path = BottledTests;
			sourceTree = "<group>";
		};
		2CDF6BDA21769E1A00214481 /* BottledUITests */ = {
			isa = PBXGroup;
			children = (
				2CDF6BDB21769E1A00214481 /* BottledUITests.swift */,
				2CDF6BDD21769E1A00214481 /* Info.plist */,
			);
			path = BottledUITests;
			sourceTree = "<group>";
		};
		5EF8F60A3DD43834034908D6 /* Pods */ = {
			isa = PBXGroup;
			children = (
				339C735E285360684903A611 /* Pods-Bottled.debug.xcconfig */,
				EACE624CA250D4F3FC6C2DD9 /* Pods-Bottled.release.xcconfig */,
				DB8512778728DDEEA484D2FE /* Pods-BottledTests.debug.xcconfig */,
				32BCCD83671584862715D975 /* Pods-BottledTests.release.xcconfig */,
				4D01E6854B384F19A860F8B2 /* Pods-BottledUITests.debug.xcconfig */,
				D6293578F1B45F7AD567E159 /* Pods-BottledUITests.release.xcconfig */,
			);
			name = Pods;
			sourceTree = "<group>";
		};
		C5B487CE989720D58DB6DBEA /* Frameworks */ = {
			isa = PBXGroup;
			children = (
				E0E81A5BC1F64FC66459E618 /* Pods_Bottled.framework */,
				0A80DF4DA832715213EC5424 /* Pods_BottledTests.framework */,
				50E1F0C41AB67E7B4E28070D /* Pods_BottledUITests.framework */,
			);
			name = Frameworks;
			sourceTree = "<group>";
		};
/* End PBXGroup section */

/* Begin PBXNativeTarget section */
		2CDF6BB721769E1800214481 /* Bottled */ = {
			isa = PBXNativeTarget;
			buildConfigurationList = 2CDF6BE021769E1A00214481 /* Build configuration list for PBXNativeTarget "Bottled" */;
			buildPhases = (
				DDD9831A451E0477176F8434 /* [CP] Check Pods Manifest.lock */,
				2CDF6BB421769E1800214481 /* Sources */,
				2CDF6BB521769E1800214481 /* Frameworks */,
				2CDF6BB621769E1800214481 /* Resources */,
				7D59ACDBC3C400363E6B07F4 /* [CP] Embed Pods Frameworks */,
			);
			buildRules = (
			);
			dependencies = (
			);
			name = Bottled;
			productName = Bottled;
			productReference = 2CDF6BB821769E1800214481 /* Bottled.app */;
			productType = "com.apple.product-type.application";
		};
		2CDF6BCB21769E1A00214481 /* BottledTests */ = {
			isa = PBXNativeTarget;
			buildConfigurationList = 2CDF6BE321769E1A00214481 /* Build configuration list for PBXNativeTarget "BottledTests" */;
			buildPhases = (
				4ECCCCD6A309B35320671B72 /* [CP] Check Pods Manifest.lock */,
				2CDF6BC821769E1A00214481 /* Sources */,
				2CDF6BC921769E1A00214481 /* Frameworks */,
				2CDF6BCA21769E1A00214481 /* Resources */,
			);
			buildRules = (
			);
			dependencies = (
				2CDF6BCE21769E1A00214481 /* PBXTargetDependency */,
			);
			name = BottledTests;
			productName = BottledTests;
			productReference = 2CDF6BCC21769E1A00214481 /* BottledTests.xctest */;
			productType = "com.apple.product-type.bundle.unit-test";
		};
		2CDF6BD621769E1A00214481 /* BottledUITests */ = {
			isa = PBXNativeTarget;
			buildConfigurationList = 2CDF6BE621769E1A00214481 /* Build configuration list for PBXNativeTarget "BottledUITests" */;
			buildPhases = (
				FF2CDDAE9862D9AD794ED2BC /* [CP] Check Pods Manifest.lock */,
				2CDF6BD321769E1A00214481 /* Sources */,
				2CDF6BD421769E1A00214481 /* Frameworks */,
				2CDF6BD521769E1A00214481 /* Resources */,
			);
			buildRules = (
			);
			dependencies = (
				2CDF6BD921769E1A00214481 /* PBXTargetDependency */,
			);
			name = BottledUITests;
			productName = BottledUITests;
			productReference = 2CDF6BD721769E1A00214481 /* BottledUITests.xctest */;
			productType = "com.apple.product-type.bundle.ui-testing";
		};
/* End PBXNativeTarget section */

/* Begin PBXProject section */
		2CDF6BB021769E1800214481 /* Project object */ = {
			isa = PBXProject;
			attributes = {
				LastSwiftUpdateCheck = 1000;
				LastUpgradeCheck = 1000;
				ORGANIZATIONNAME = PSV;
				TargetAttributes = {
					2CDF6BB721769E1800214481 = {
						CreatedOnToolsVersion = 10.0;
					};
					2CDF6BCB21769E1A00214481 = {
						CreatedOnToolsVersion = 10.0;
						TestTargetID = 2CDF6BB721769E1800214481;
					};
					2CDF6BD621769E1A00214481 = {
						CreatedOnToolsVersion = 10.0;
						TestTargetID = 2CDF6BB721769E1800214481;
					};
				};
			};
			buildConfigurationList = 2CDF6BB321769E1800214481 /* Build configuration list for PBXProject "Bottled" */;
			compatibilityVersion = "Xcode 9.3";
			developmentRegion = en;
			hasScannedForEncodings = 0;
			knownRegions = (
				en,
				Base,
			);
			mainGroup = 2CDF6BAF21769E1800214481;
			productRefGroup = 2CDF6BB921769E1800214481 /* Products */;
			projectDirPath = "";
			projectRoot = "";
			targets = (
				2CDF6BB721769E1800214481 /* Bottled */,
				2CDF6BCB21769E1A00214481 /* BottledTests */,
				2CDF6BD621769E1A00214481 /* BottledUITests */,
			);
		};
/* End PBXProject section */

/* Begin PBXResourcesBuildPhase section */
		2CDF6BB621769E1800214481 /* Resources */ = {
			isa = PBXResourcesBuildPhase;
			buildActionMask = 2147483647;
			files = (
				0CE8E4022190AA0E00059D3C /* Montserrat-Light.ttf in Resources */,
				2CDF6BC621769E1900214481 /* LaunchScreen.storyboard in Resources */,
				0CE8E4072190AA0E00059D3C /* Montserrat-LightItalic.ttf in Resources */,
				0CE8E4052190AA0E00059D3C /* Montserrat-ThinItalic.ttf in Resources */,
				0CE8E3F92190AA0E00059D3C /* Montserrat-ExtraBold.ttf in Resources */,
				0CE8E4032190AA0E00059D3C /* Montserrat-BlackItalic.ttf in Resources */,
				0CE8E4082190AA0E00059D3C /* Montserrat-SemiBold.ttf in Resources */,
				2CDF6BEA21769F9E00214481 /* GoogleService-Info.plist in Resources */,
				0C9071AB218FF1A00099436B /* icon@3x.PNG in Resources */,
				2CDF6BC321769E1900214481 /* Assets.xcassets in Resources */,
				0C9071AC218FF1A00099436B /* icon@2x.PNG in Resources */,
				0CE8E4012190AA0E00059D3C /* Montserrat-Medium.ttf in Resources */,
				0CE8E3FB2190AA0E00059D3C /* Montserrat-Bold.ttf in Resources */,
				0CE8E3FA2190AA0E00059D3C /* Montserrat-SemiBoldItalic.ttf in Resources */,
				0CE8E3FD2190AA0E00059D3C /* Montserrat-BoldItalic.ttf in Resources */,
				0CE8E4062190AA0E00059D3C /* Montserrat-Regular.ttf in Resources */,
				0C9071AA218FF1A00099436B /* icon.PNG in Resources */,
				0CE8E40A2190AA0E00059D3C /* Montserrat-Thin.ttf in Resources */,
				0CE8E4042190AA0E00059D3C /* Montserrat-MediumItalic.ttf in Resources */,
				0C558B0121901BF30037E8A0 /* ThirdMain.storyboard in Resources */,
				2CDF6BC121769E1800214481 /* Main.storyboard in Resources */,
				0CE8E3FE2190AA0E00059D3C /* Montserrat-ExtraBoldItalic.ttf in Resources */,
				0CE8E3FF2190AA0E00059D3C /* Montserrat-ExtraLight.ttf in Resources */,
				0CE8E3FC2190AA0E00059D3C /* Montserrat-Black.ttf in Resources */,
				0CE8E4002190AA0E00059D3C /* Montserrat-ExtraLightItalic.ttf in Resources */,
				0C9071AF218FF1A00099436B /* icon2@3x.PNG in Resources */,
				0C9071AE218FF1A00099436B /* icon2@2x.PNG in Resources */,
				0C9071AD218FF1A00099436B /* icon2.PNG in Resources */,
				0CE8E4092190AA0E00059D3C /* Montserrat-Italic.ttf in Resources */,
				0CE8E4142190EDA100059D3C /* Storyboard.storyboard in Resources */,
			);
			runOnlyForDeploymentPostprocessing = 0;
		};
		2CDF6BCA21769E1A00214481 /* Resources */ = {
			isa = PBXResourcesBuildPhase;
			buildActionMask = 2147483647;
			files = (
			);
			runOnlyForDeploymentPostprocessing = 0;
		};
		2CDF6BD521769E1A00214481 /* Resources */ = {
			isa = PBXResourcesBuildPhase;
			buildActionMask = 2147483647;
			files = (
			);
			runOnlyForDeploymentPostprocessing = 0;
		};
/* End PBXResourcesBuildPhase section */

/* Begin PBXShellScriptBuildPhase section */
		4ECCCCD6A309B35320671B72 /* [CP] Check Pods Manifest.lock */ = {
			isa = PBXShellScriptBuildPhase;
			buildActionMask = 2147483647;
			files = (
			);
			inputFileListPaths = (
			);
			inputPaths = (
				"${PODS_PODFILE_DIR_PATH}/Podfile.lock",
				"${PODS_ROOT}/Manifest.lock",
			);
			name = "[CP] Check Pods Manifest.lock";
			outputFileListPaths = (
			);
			outputPaths = (
				"$(DERIVED_FILE_DIR)/Pods-BottledTests-checkManifestLockResult.txt",
			);
			runOnlyForDeploymentPostprocessing = 0;
			shellPath = /bin/sh;
			shellScript = "diff \"${PODS_PODFILE_DIR_PATH}/Podfile.lock\" \"${PODS_ROOT}/Manifest.lock\" > /dev/null\nif [ $? != 0 ] ; then\n    # print error to STDERR\n    echo \"error: The sandbox is not in sync with the Podfile.lock. Run 'pod install' or update your CocoaPods installation.\" >&2\n    exit 1\nfi\n# This output is used by Xcode 'outputs' to avoid re-running this script phase.\necho \"SUCCESS\" > \"${SCRIPT_OUTPUT_FILE_0}\"\n";
			showEnvVarsInLog = 0;
		};
		7D59ACDBC3C400363E6B07F4 /* [CP] Embed Pods Frameworks */ = {
			isa = PBXShellScriptBuildPhase;
			buildActionMask = 2147483647;
			files = (
			);
			inputFileListPaths = (
			);
			inputPaths = (
				"${SRCROOT}/Pods/Target Support Files/Pods-Bottled/Pods-Bottled-frameworks.sh",
				"${BUILT_PRODUCTS_DIR}/GTMSessionFetcher/GTMSessionFetcher.framework",
				"${BUILT_PRODUCTS_DIR}/GoogleUtilities/GoogleUtilities.framework",
				"${BUILT_PRODUCTS_DIR}/JSQMessagesViewController/JSQMessagesViewController.framework",
				"${BUILT_PRODUCTS_DIR}/JSQSystemSoundPlayer/JSQSystemSoundPlayer.framework",
				"${BUILT_PRODUCTS_DIR}/leveldb-library/leveldb.framework",
				"${BUILT_PRODUCTS_DIR}/nanopb/nanopb.framework",
			);
			name = "[CP] Embed Pods Frameworks";
			outputFileListPaths = (
			);
			outputPaths = (
				"${TARGET_BUILD_DIR}/${FRAMEWORKS_FOLDER_PATH}/GTMSessionFetcher.framework",
				"${TARGET_BUILD_DIR}/${FRAMEWORKS_FOLDER_PATH}/GoogleUtilities.framework",
				"${TARGET_BUILD_DIR}/${FRAMEWORKS_FOLDER_PATH}/JSQMessagesViewController.framework",
				"${TARGET_BUILD_DIR}/${FRAMEWORKS_FOLDER_PATH}/JSQSystemSoundPlayer.framework",
				"${TARGET_BUILD_DIR}/${FRAMEWORKS_FOLDER_PATH}/leveldb.framework",
				"${TARGET_BUILD_DIR}/${FRAMEWORKS_FOLDER_PATH}/nanopb.framework",
			);
			runOnlyForDeploymentPostprocessing = 0;
			shellPath = /bin/sh;
			shellScript = "\"${SRCROOT}/Pods/Target Support Files/Pods-Bottled/Pods-Bottled-frameworks.sh\"\n";
			showEnvVarsInLog = 0;
		};
		DDD9831A451E0477176F8434 /* [CP] Check Pods Manifest.lock */ = {
			isa = PBXShellScriptBuildPhase;
			buildActionMask = 2147483647;
			files = (
			);
			inputFileListPaths = (
			);
			inputPaths = (
				"${PODS_PODFILE_DIR_PATH}/Podfile.lock",
				"${PODS_ROOT}/Manifest.lock",
			);
			name = "[CP] Check Pods Manifest.lock";
			outputFileListPaths = (
			);
			outputPaths = (
				"$(DERIVED_FILE_DIR)/Pods-Bottled-checkManifestLockResult.txt",
			);
			runOnlyForDeploymentPostprocessing = 0;
			shellPath = /bin/sh;
			shellScript = "diff \"${PODS_PODFILE_DIR_PATH}/Podfile.lock\" \"${PODS_ROOT}/Manifest.lock\" > /dev/null\nif [ $? != 0 ] ; then\n    # print error to STDERR\n    echo \"error: The sandbox is not in sync with the Podfile.lock. Run 'pod install' or update your CocoaPods installation.\" >&2\n    exit 1\nfi\n# This output is used by Xcode 'outputs' to avoid re-running this script phase.\necho \"SUCCESS\" > \"${SCRIPT_OUTPUT_FILE_0}\"\n";
			showEnvVarsInLog = 0;
		};
		FF2CDDAE9862D9AD794ED2BC /* [CP] Check Pods Manifest.lock */ = {
			isa = PBXShellScriptBuildPhase;
			buildActionMask = 2147483647;
			files = (
			);
			inputFileListPaths = (
			);
			inputPaths = (
				"${PODS_PODFILE_DIR_PATH}/Podfile.lock",
				"${PODS_ROOT}/Manifest.lock",
			);
			name = "[CP] Check Pods Manifest.lock";
			outputFileListPaths = (
			);
			outputPaths = (
				"$(DERIVED_FILE_DIR)/Pods-BottledUITests-checkManifestLockResult.txt",
			);
			runOnlyForDeploymentPostprocessing = 0;
			shellPath = /bin/sh;
			shellScript = "diff \"${PODS_PODFILE_DIR_PATH}/Podfile.lock\" \"${PODS_ROOT}/Manifest.lock\" > /dev/null\nif [ $? != 0 ] ; then\n    # print error to STDERR\n    echo \"error: The sandbox is not in sync with the Podfile.lock. Run 'pod install' or update your CocoaPods installation.\" >&2\n    exit 1\nfi\n# This output is used by Xcode 'outputs' to avoid re-running this script phase.\necho \"SUCCESS\" > \"${SCRIPT_OUTPUT_FILE_0}\"\n";
			showEnvVarsInLog = 0;
		};
/* End PBXShellScriptBuildPhase section */

/* Begin PBXSourcesBuildPhase section */
		2CDF6BB421769E1800214481 /* Sources */ = {
			isa = PBXSourcesBuildPhase;
			buildActionMask = 2147483647;
			files = (
				0CE8E40C2190AABB00059D3C /* SpashScreenViewController.swift in Sources */,
				0C14A9A821A9DB5700376CD0 /* ContactsViewController.swift in Sources */,
				2CDF6BBE21769E1800214481 /* ChatViewController.swift in Sources */,
				0C14A9AD21AA3DAA00376CD0 /* Bottled.xcdatamodeld in Sources */,
				0CE8E4162190EE8200059D3C /* MessagesViewController.swift in Sources */,
				0CE8E4122190D51700059D3C /* PincodeLoginViewController.swift in Sources */,
				2CDF6BBC21769E1800214481 /* AppDelegate.swift in Sources */,
				0C29B3CB21AF6EF40076C56C /* NewMessageViewController.swift in Sources */,
				0CE8E4102190D00C00059D3C /* PincodeViewController.swift in Sources */,
				0C9071B2218FF5B50099436B /* TabbedBarViewController.swift in Sources */,
				0C558B05219028A10037E8A0 /* AuthenticationViewController.swift in Sources */,
				0C90719D218FB53D0099436B /* SignupViewController.swift in Sources */,
				0C90719F218FBAA90099436B /* LoginViewController.swift in Sources */,
				2C3269392176B10E009A79AB /* Constants.swift in Sources */,
				0CE8E40E2190CCBC00059D3C /* SettingsViewController.swift in Sources */,
			);
			runOnlyForDeploymentPostprocessing = 0;
		};
		2CDF6BC821769E1A00214481 /* Sources */ = {
			isa = PBXSourcesBuildPhase;
			buildActionMask = 2147483647;
			files = (
				2CDF6BD121769E1A00214481 /* BottledTests.swift in Sources */,
			);
			runOnlyForDeploymentPostprocessing = 0;
		};
		2CDF6BD321769E1A00214481 /* Sources */ = {
			isa = PBXSourcesBuildPhase;
			buildActionMask = 2147483647;
			files = (
				2CDF6BDC21769E1A00214481 /* BottledUITests.swift in Sources */,
			);
			runOnlyForDeploymentPostprocessing = 0;
		};
/* End PBXSourcesBuildPhase section */

/* Begin PBXTargetDependency section */
		2CDF6BCE21769E1A00214481 /* PBXTargetDependency */ = {
			isa = PBXTargetDependency;
			target = 2CDF6BB721769E1800214481 /* Bottled */;
			targetProxy = 2CDF6BCD21769E1A00214481 /* PBXContainerItemProxy */;
		};
		2CDF6BD921769E1A00214481 /* PBXTargetDependency */ = {
			isa = PBXTargetDependency;
			target = 2CDF6BB721769E1800214481 /* Bottled */;
			targetProxy = 2CDF6BD821769E1A00214481 /* PBXContainerItemProxy */;
		};
/* End PBXTargetDependency section */

/* Begin PBXVariantGroup section */
		0C558AFF21901BF30037E8A0 /* ThirdMain.storyboard */ = {
			isa = PBXVariantGroup;
			children = (
				0C558B0021901BF30037E8A0 /* Base */,
			);
			name = ThirdMain.storyboard;
			sourceTree = "<group>";
		};
		2CDF6BBF21769E1800214481 /* Main.storyboard */ = {
			isa = PBXVariantGroup;
			children = (
				2CDF6BC021769E1800214481 /* Base */,
			);
			name = Main.storyboard;
			sourceTree = "<group>";
		};
		2CDF6BC421769E1900214481 /* LaunchScreen.storyboard */ = {
			isa = PBXVariantGroup;
			children = (
				2CDF6BC521769E1900214481 /* Base */,
			);
			name = LaunchScreen.storyboard;
			sourceTree = "<group>";
		};
/* End PBXVariantGroup section */

/* Begin XCBuildConfiguration section */
		2CDF6BDE21769E1A00214481 /* Debug */ = {
			isa = XCBuildConfiguration;
			buildSettings = {
				ALWAYS_SEARCH_USER_PATHS = NO;
				CLANG_ANALYZER_NONNULL = YES;
				CLANG_ANALYZER_NUMBER_OBJECT_CONVERSION = YES_AGGRESSIVE;
				CLANG_CXX_LANGUAGE_STANDARD = "gnu++14";
				CLANG_CXX_LIBRARY = "libc++";
				CLANG_ENABLE_MODULES = YES;
				CLANG_ENABLE_OBJC_ARC = YES;
				CLANG_ENABLE_OBJC_WEAK = YES;
				CLANG_WARN_BLOCK_CAPTURE_AUTORELEASING = YES;
				CLANG_WARN_BOOL_CONVERSION = YES;
				CLANG_WARN_COMMA = YES;
				CLANG_WARN_CONSTANT_CONVERSION = YES;
				CLANG_WARN_DEPRECATED_OBJC_IMPLEMENTATIONS = YES;
				CLANG_WARN_DIRECT_OBJC_ISA_USAGE = YES_ERROR;
				CLANG_WARN_DOCUMENTATION_COMMENTS = YES;
				CLANG_WARN_EMPTY_BODY = YES;
				CLANG_WARN_ENUM_CONVERSION = YES;
				CLANG_WARN_INFINITE_RECURSION = YES;
				CLANG_WARN_INT_CONVERSION = YES;
				CLANG_WARN_NON_LITERAL_NULL_CONVERSION = YES;
				CLANG_WARN_OBJC_IMPLICIT_RETAIN_SELF = YES;
				CLANG_WARN_OBJC_LITERAL_CONVERSION = YES;
				CLANG_WARN_OBJC_ROOT_CLASS = YES_ERROR;
				CLANG_WARN_RANGE_LOOP_ANALYSIS = YES;
				CLANG_WARN_STRICT_PROTOTYPES = YES;
				CLANG_WARN_SUSPICIOUS_MOVE = YES;
				CLANG_WARN_UNGUARDED_AVAILABILITY = YES_AGGRESSIVE;
				CLANG_WARN_UNREACHABLE_CODE = YES;
				CLANG_WARN__DUPLICATE_METHOD_MATCH = YES;
				CODE_SIGN_IDENTITY = "iPhone Developer";
				COPY_PHASE_STRIP = NO;
				DEBUG_INFORMATION_FORMAT = dwarf;
				ENABLE_STRICT_OBJC_MSGSEND = YES;
				ENABLE_TESTABILITY = YES;
				GCC_C_LANGUAGE_STANDARD = gnu11;
				GCC_DYNAMIC_NO_PIC = NO;
				GCC_NO_COMMON_BLOCKS = YES;
				GCC_OPTIMIZATION_LEVEL = 0;
				GCC_PREPROCESSOR_DEFINITIONS = (
					"DEBUG=1",
					"$(inherited)",
				);
				GCC_WARN_64_TO_32_BIT_CONVERSION = YES;
				GCC_WARN_ABOUT_RETURN_TYPE = YES_ERROR;
				GCC_WARN_UNDECLARED_SELECTOR = YES;
				GCC_WARN_UNINITIALIZED_AUTOS = YES_AGGRESSIVE;
				GCC_WARN_UNUSED_FUNCTION = YES;
				GCC_WARN_UNUSED_VARIABLE = YES;
				IPHONEOS_DEPLOYMENT_TARGET = 12.0;
				MTL_ENABLE_DEBUG_INFO = INCLUDE_SOURCE;
				MTL_FAST_MATH = YES;
				ONLY_ACTIVE_ARCH = YES;
				SDKROOT = iphoneos;
				SWIFT_ACTIVE_COMPILATION_CONDITIONS = DEBUG;
				SWIFT_OPTIMIZATION_LEVEL = "-Onone";
			};
			name = Debug;
		};
		2CDF6BDF21769E1A00214481 /* Release */ = {
			isa = XCBuildConfiguration;
			buildSettings = {
				ALWAYS_SEARCH_USER_PATHS = NO;
				CLANG_ANALYZER_NONNULL = YES;
				CLANG_ANALYZER_NUMBER_OBJECT_CONVERSION = YES_AGGRESSIVE;
				CLANG_CXX_LANGUAGE_STANDARD = "gnu++14";
				CLANG_CXX_LIBRARY = "libc++";
				CLANG_ENABLE_MODULES = YES;
				CLANG_ENABLE_OBJC_ARC = YES;
				CLANG_ENABLE_OBJC_WEAK = YES;
				CLANG_WARN_BLOCK_CAPTURE_AUTORELEASING = YES;
				CLANG_WARN_BOOL_CONVERSION = YES;
				CLANG_WARN_COMMA = YES;
				CLANG_WARN_CONSTANT_CONVERSION = YES;
				CLANG_WARN_DEPRECATED_OBJC_IMPLEMENTATIONS = YES;
				CLANG_WARN_DIRECT_OBJC_ISA_USAGE = YES_ERROR;
				CLANG_WARN_DOCUMENTATION_COMMENTS = YES;
				CLANG_WARN_EMPTY_BODY = YES;
				CLANG_WARN_ENUM_CONVERSION = YES;
				CLANG_WARN_INFINITE_RECURSION = YES;
				CLANG_WARN_INT_CONVERSION = YES;
				CLANG_WARN_NON_LITERAL_NULL_CONVERSION = YES;
				CLANG_WARN_OBJC_IMPLICIT_RETAIN_SELF = YES;
				CLANG_WARN_OBJC_LITERAL_CONVERSION = YES;
				CLANG_WARN_OBJC_ROOT_CLASS = YES_ERROR;
				CLANG_WARN_RANGE_LOOP_ANALYSIS = YES;
				CLANG_WARN_STRICT_PROTOTYPES = YES;
				CLANG_WARN_SUSPICIOUS_MOVE = YES;
				CLANG_WARN_UNGUARDED_AVAILABILITY = YES_AGGRESSIVE;
				CLANG_WARN_UNREACHABLE_CODE = YES;
				CLANG_WARN__DUPLICATE_METHOD_MATCH = YES;
				CODE_SIGN_IDENTITY = "iPhone Developer";
				COPY_PHASE_STRIP = NO;
				DEBUG_INFORMATION_FORMAT = "dwarf-with-dsym";
				ENABLE_NS_ASSERTIONS = NO;
				ENABLE_STRICT_OBJC_MSGSEND = YES;
				GCC_C_LANGUAGE_STANDARD = gnu11;
				GCC_NO_COMMON_BLOCKS = YES;
				GCC_WARN_64_TO_32_BIT_CONVERSION = YES;
				GCC_WARN_ABOUT_RETURN_TYPE = YES_ERROR;
				GCC_WARN_UNDECLARED_SELECTOR = YES;
				GCC_WARN_UNINITIALIZED_AUTOS = YES_AGGRESSIVE;
				GCC_WARN_UNUSED_FUNCTION = YES;
				GCC_WARN_UNUSED_VARIABLE = YES;
				IPHONEOS_DEPLOYMENT_TARGET = 12.0;
				MTL_ENABLE_DEBUG_INFO = NO;
				MTL_FAST_MATH = YES;
				SDKROOT = iphoneos;
				SWIFT_COMPILATION_MODE = wholemodule;
				SWIFT_OPTIMIZATION_LEVEL = "-O";
				VALIDATE_PRODUCT = YES;
			};
			name = Release;
		};
		2CDF6BE121769E1A00214481 /* Debug */ = {
			isa = XCBuildConfiguration;
			baseConfigurationReference = 339C735E285360684903A611 /* Pods-Bottled.debug.xcconfig */;
			buildSettings = {
				ASSETCATALOG_COMPILER_APPICON_NAME = AppIcon;
				CODE_SIGN_STYLE = Automatic;
				DEVELOPMENT_TEAM = R8Y5C58XQ4;
				INFOPLIST_FILE = Bottled/Info.plist;
				IPHONEOS_DEPLOYMENT_TARGET = 12.0;
				LD_RUNPATH_SEARCH_PATHS = (
					"$(inherited)",
					"@executable_path/Frameworks",
				);
				PRODUCT_BUNDLE_IDENTIFIER = PSV.Bottled;
				PRODUCT_NAME = "$(TARGET_NAME)";
				SWIFT_VERSION = 4.2;
				TARGETED_DEVICE_FAMILY = "1,2";
			};
			name = Debug;
		};
		2CDF6BE221769E1A00214481 /* Release */ = {
			isa = XCBuildConfiguration;
			baseConfigurationReference = EACE624CA250D4F3FC6C2DD9 /* Pods-Bottled.release.xcconfig */;
			buildSettings = {
				ASSETCATALOG_COMPILER_APPICON_NAME = AppIcon;
				CODE_SIGN_STYLE = Automatic;
				DEVELOPMENT_TEAM = R8Y5C58XQ4;
				INFOPLIST_FILE = Bottled/Info.plist;
				IPHONEOS_DEPLOYMENT_TARGET = 12.0;
				LD_RUNPATH_SEARCH_PATHS = (
					"$(inherited)",
					"@executable_path/Frameworks",
				);
				PRODUCT_BUNDLE_IDENTIFIER = PSV.Bottled;
				PRODUCT_NAME = "$(TARGET_NAME)";
				SWIFT_VERSION = 4.2;
				TARGETED_DEVICE_FAMILY = "1,2";
			};
			name = Release;
		};
		2CDF6BE421769E1A00214481 /* Debug */ = {
			isa = XCBuildConfiguration;
			baseConfigurationReference = DB8512778728DDEEA484D2FE /* Pods-BottledTests.debug.xcconfig */;
			buildSettings = {
				ALWAYS_EMBED_SWIFT_STANDARD_LIBRARIES = YES;
				BUNDLE_LOADER = "$(TEST_HOST)";
				CODE_SIGN_STYLE = Automatic;
				DEVELOPMENT_TEAM = 2KEQWVGT5Q;
				INFOPLIST_FILE = BottledTests/Info.plist;
				LD_RUNPATH_SEARCH_PATHS = (
					"$(inherited)",
					"@executable_path/Frameworks",
					"@loader_path/Frameworks",
				);
				PRODUCT_BUNDLE_IDENTIFIER = PSV.BottledTests;
				PRODUCT_NAME = "$(TARGET_NAME)";
				SWIFT_VERSION = 4.2;
				TARGETED_DEVICE_FAMILY = "1,2";
				TEST_HOST = "$(BUILT_PRODUCTS_DIR)/Bottled.app/Bottled";
			};
			name = Debug;
		};
		2CDF6BE521769E1A00214481 /* Release */ = {
			isa = XCBuildConfiguration;
			baseConfigurationReference = 32BCCD83671584862715D975 /* Pods-BottledTests.release.xcconfig */;
			buildSettings = {
				ALWAYS_EMBED_SWIFT_STANDARD_LIBRARIES = YES;
				BUNDLE_LOADER = "$(TEST_HOST)";
				CODE_SIGN_STYLE = Automatic;
				DEVELOPMENT_TEAM = 2KEQWVGT5Q;
				INFOPLIST_FILE = BottledTests/Info.plist;
				LD_RUNPATH_SEARCH_PATHS = (
					"$(inherited)",
					"@executable_path/Frameworks",
					"@loader_path/Frameworks",
				);
				PRODUCT_BUNDLE_IDENTIFIER = PSV.BottledTests;
				PRODUCT_NAME = "$(TARGET_NAME)";
				SWIFT_VERSION = 4.2;
				TARGETED_DEVICE_FAMILY = "1,2";
				TEST_HOST = "$(BUILT_PRODUCTS_DIR)/Bottled.app/Bottled";
			};
			name = Release;
		};
		2CDF6BE721769E1A00214481 /* Debug */ = {
			isa = XCBuildConfiguration;
			baseConfigurationReference = 4D01E6854B384F19A860F8B2 /* Pods-BottledUITests.debug.xcconfig */;
			buildSettings = {
				ALWAYS_EMBED_SWIFT_STANDARD_LIBRARIES = YES;
				CODE_SIGN_STYLE = Automatic;
				DEVELOPMENT_TEAM = 2KEQWVGT5Q;
				INFOPLIST_FILE = BottledUITests/Info.plist;
				LD_RUNPATH_SEARCH_PATHS = (
					"$(inherited)",
					"@executable_path/Frameworks",
					"@loader_path/Frameworks",
				);
				PRODUCT_BUNDLE_IDENTIFIER = PSV.BottledUITests;
				PRODUCT_NAME = "$(TARGET_NAME)";
				SWIFT_VERSION = 4.2;
				TARGETED_DEVICE_FAMILY = "1,2";
				TEST_TARGET_NAME = Bottled;
			};
			name = Debug;
		};
		2CDF6BE821769E1A00214481 /* Release */ = {
			isa = XCBuildConfiguration;
			baseConfigurationReference = D6293578F1B45F7AD567E159 /* Pods-BottledUITests.release.xcconfig */;
			buildSettings = {
				ALWAYS_EMBED_SWIFT_STANDARD_LIBRARIES = YES;
				CODE_SIGN_STYLE = Automatic;
				DEVELOPMENT_TEAM = 2KEQWVGT5Q;
				INFOPLIST_FILE = BottledUITests/Info.plist;
				LD_RUNPATH_SEARCH_PATHS = (
					"$(inherited)",
					"@executable_path/Frameworks",
					"@loader_path/Frameworks",
				);
				PRODUCT_BUNDLE_IDENTIFIER = PSV.BottledUITests;
				PRODUCT_NAME = "$(TARGET_NAME)";
				SWIFT_VERSION = 4.2;
				TARGETED_DEVICE_FAMILY = "1,2";
				TEST_TARGET_NAME = Bottled;
			};
			name = Release;
		};
/* End XCBuildConfiguration section */

/* Begin XCConfigurationList section */
		2CDF6BB321769E1800214481 /* Build configuration list for PBXProject "Bottled" */ = {
			isa = XCConfigurationList;
			buildConfigurations = (
				2CDF6BDE21769E1A00214481 /* Debug */,
				2CDF6BDF21769E1A00214481 /* Release */,
			);
			defaultConfigurationIsVisible = 0;
			defaultConfigurationName = Release;
		};
		2CDF6BE021769E1A00214481 /* Build configuration list for PBXNativeTarget "Bottled" */ = {
			isa = XCConfigurationList;
			buildConfigurations = (
				2CDF6BE121769E1A00214481 /* Debug */,
				2CDF6BE221769E1A00214481 /* Release */,
			);
			defaultConfigurationIsVisible = 0;
			defaultConfigurationName = Release;
		};
		2CDF6BE321769E1A00214481 /* Build configuration list for PBXNativeTarget "BottledTests" */ = {
			isa = XCConfigurationList;
			buildConfigurations = (
				2CDF6BE421769E1A00214481 /* Debug */,
				2CDF6BE521769E1A00214481 /* Release */,
			);
			defaultConfigurationIsVisible = 0;
			defaultConfigurationName = Release;
		};
		2CDF6BE621769E1A00214481 /* Build configuration list for PBXNativeTarget "BottledUITests" */ = {
			isa = XCConfigurationList;
			buildConfigurations = (
				2CDF6BE721769E1A00214481 /* Debug */,
				2CDF6BE821769E1A00214481 /* Release */,
			);
			defaultConfigurationIsVisible = 0;
			defaultConfigurationName = Release;
		};
/* End XCConfigurationList section */

/* Begin XCVersionGroup section */
		0C14A9AB21AA3DAA00376CD0 /* Bottled.xcdatamodeld */ = {
			isa = XCVersionGroup;
			children = (
				0C14A9AC21AA3DAA00376CD0 /* Model.xcdatamodel */,
			);
			currentVersion = 0C14A9AC21AA3DAA00376CD0 /* Model.xcdatamodel */;
			path = Bottled.xcdatamodeld;
			sourceTree = "<group>";
			versionGroupType = wrapper.xcdatamodel;
		};
/* End XCVersionGroup section */
	};
	rootObject = 2CDF6BB021769E1800214481 /* Project object */;
}
